
Microsoft Visual Studio Solution File, Format Version 12.00
# Visual Studio 15
VisualStudioVersion = 15.0.26430.6
MinimumVisualStudioVersion = 10.0.40219.1
Project("{FAE04EC0-301F-11D3-BF4B-00C04F79EFBC}") = "getadoc_api", "getadoc_api\getadoc_api.csproj", "{20EC4666-3E27-4D8F-8258-60EF928060AF}"
EndProject
Global
	GlobalSection(SolutionConfigurationPlatforms) = preSolution
		Debug|Any CPU = Debug|Any CPU
		Release|Any CPU = Release|Any CPU
	EndGlobalSection
	GlobalSection(ProjectConfigurationPlatforms) = postSolution
		{20EC4666-3E27-4D8F-8258-60EF928060AF}.Debug|Any CPU.ActiveCfg = Debug|Any CPU
		{20EC4666-3E27-4D8F-8258-60EF928060AF}.Debug|Any CPU.Build.0 = Debug|Any CPU
		{20EC4666-3E27-4D8F-8258-60EF928060AF}.Release|Any CPU.ActiveCfg = Release|Any CPU
		{20EC4666-3E27-4D8F-8258-60EF928060AF}.Release|Any CPU.Build.0 = Release|Any CPU
	EndGlobalSection
	GlobalSection(SolutionProperties) = preSolution
		HideSolutionNode = FALSE
	EndGlobalSection
EndGlobal
